
Microsoft Visual Studio Solution File, Format Version 12.00
# Visual Studio Version 16
VisualStudioVersion = 16.0.31624.102
MinimumVisualStudioVersion = 10.0.40219.1
Project("{FAE04EC0-301F-11D3-BF4B-00C04F79EFBC}") = "NEYTI", "NEYTI\NEYTI.csproj", "{BC147101-8C21-47A0-8E04-8981ADCEC278}"
EndProject
Project("{54435603-DBB4-11D2-8724-00A0C9A8B90C}") = "NEYTI 2022", "NEYTI 2022\NEYTI 2022.vdproj", "{65F5C9E5-5659-42DE-93AD-E635CEC992AD}"
EndProject
Global
	GlobalSection(SolutionConfigurationPlatforms) = preSolution
		Debug|Any CPU = Debug|Any CPU
		Release|Any CPU = Release|Any CPU
	EndGlobalSection
	GlobalSection(ProjectConfigurationPlatforms) = postSolution
		{BC147101-8C21-47A0-8E04-8981ADCEC278}.Debug|Any CPU.ActiveCfg = Debug|Any CPU
		{BC147101-8C21-47A0-8E04-8981ADCEC278}.Debug|Any CPU.Build.0 = Debug|Any CPU
		{BC147101-8C21-47A0-8E04-8981ADCEC278}.Release|Any CPU.ActiveCfg = Release|Any CPU
		{BC147101-8C21-47A0-8E04-8981ADCEC278}.Release|Any CPU.Build.0 = Release|Any CPU
		{65F5C9E5-5659-42DE-93AD-E635CEC992AD}.Debug|Any CPU.ActiveCfg = Debug
		{65F5C9E5-5659-42DE-93AD-E635CEC992AD}.Release|Any CPU.ActiveCfg = Release
	EndGlobalSection
	GlobalSection(SolutionProperties) = preSolution
		HideSolutionNode = FALSE
	EndGlobalSection
	GlobalSection(ExtensibilityGlobals) = postSolution
		SolutionGuid = {101535C7-AD45-44C8-8A6E-736157EF8610}
	EndGlobalSection
EndGlobal
